
Microsoft Visual Studio Solution File, Format Version 12.00
# Visual Studio Version 17
VisualStudioVersion = 17.2.32630.192
MinimumVisualStudioVersion = 10.0.40219.1
Project("{8BC9CEB8-8B4A-11D0-8D11-00A0C91BC942}") = "ImGui", "ImGui\ImGui.vcxproj", "{ADB34F44-F70C-4072-96A3-296945D783F8}"
EndProject
Global
	GlobalSection(SolutionConfigurationPlatforms) = preSolution
		Debug|x64 = Debug|x64
		Debug|x86 = Debug|x86
		Release|x64 = Release|x64
		Release|x86 = Release|x86
	EndGlobalSection
	GlobalSection(ProjectConfigurationPlatforms) = postSolution
		{ADB34F44-F70C-4072-96A3-296945D783F8}.Debug|x64.ActiveCfg = Debug|x64
		{ADB34F44-F70C-4072-96A3-296945D783F8}.Debug|x64.Build.0 = Debug|x64
		{ADB34F44-F70C-4072-96A3-296945D783F8}.Debug|x86.ActiveCfg = Debug|Win32
		{ADB34F44-F70C-4072-96A3-296945D783F8}.Debug|x86.Build.0 = Debug|Win32
		{ADB34F44-F70C-4072-96A3-296945D783F8}.Release|x64.ActiveCfg = Release|x64
		{ADB34F44-F70C-4072-96A3-296945D783F8}.Release|x64.Build.0 = Release|x64
		{ADB34F44-F70C-4072-96A3-296945D783F8}.Release|x86.ActiveCfg = Release|Win32
		{ADB34F44-F70C-4072-96A3-296945D783F8}.Release|x86.Build.0 = Release|Win32
	EndGlobalSection
	GlobalSection(SolutionProperties) = preSolution
		HideSolutionNode = FALSE
	EndGlobalSection
	GlobalSection(ExtensibilityGlobals) = postSolution
		SolutionGuid = {3746DC01-D433-439B-99AD-D0DB7C3ED178}
	EndGlobalSection
EndGlobal
